<?xml version="1.0" encoding="utf-8"?>
<Project ToolsVersion="4.0" xmlns="http://schemas.microsoft.com/developer/msbuild/2003">
  <ItemGroup>
    <Filter Include="资源文件">
      <UniqueIdentifier>{67DA6AB6-F800-4c08-8B7A-83BB121AAD01}</UniqueIdentifier>
      <Extensions>rc;ico;cur;bmp;dlg;rc2;rct;bin;rgs;gif;jpg;jpeg;jpe;resx;tiff;tif;png;wav;mfcribbon-ms</Extensions>
    </Filter>
    <Filter Include="数据结构教程">
      <UniqueIdentifier>{4FC737F1-C7A5-4376-A066-2A32D752A2FF}</UniqueIdentifier>
      <Extensions>cpp;c;cc;cxx;c++;cppm;ixx;def;odl;idl;hpj;bat;asm;asmx</Extensions>
    </Filter>
    <Filter Include="王道数据结构">
      <UniqueIdentifier>{e562b938-17fb-42d5-b693-660ae22eba34}</UniqueIdentifier>
    </Filter>
  </ItemGroup>
  <ItemGroup>
    <None Include="README.md" />
    <None Include=".editorconfig">
      <Filter>资源文件</Filter>
    </None>
    <None Include=".gitignore" />
  </ItemGroup>
  <ItemGroup>
    <ClCompile Include="DataStruct\TextBook\2_LinearLinkList.cpp">
      <Filter>数据结构教程</Filter>
    </ClCompile>
    <ClCompile Include="DataStruct\TextBook\2_LinearList.cpp">
      <Filter>数据结构教程</Filter>
    </ClCompile>
    <ClCompile Include="DataStruct\TextBook\3_Array.cpp">
      <Filter>数据结构教程</Filter>
    </ClCompile>
    <ClCompile Include="DataStruct\TextBook\4_Stack.cpp">
      <Filter>数据结构教程</Filter>
    </ClCompile>
    <ClCompile Include="DataStruct\TextBook\4_Queue.cpp">
      <Filter>数据结构教程</Filter>
    </ClCompile>
    <ClCompile Include="DataStruct\TextBook\7_Tree.cpp">
      <Filter>数据结构教程</Filter>
    </ClCompile>
    <ClCompile Include="DataStruct\TextBook\8_Graph.cpp">
      <Filter>数据结构教程</Filter>
    </ClCompile>
    <ClCompile Include="DataStruct\CSKaoYan\Graph.cpp">
      <Filter>王道数据结构</Filter>
    </ClCompile>
    <ClCompile Include="DataStruct\CSKaoYan\Sort.cpp">
      <Filter>王道数据结构</Filter>
    </ClCompile>
  </ItemGroup>
  <ItemGroup>
    <ClInclude Include="DataStruct\TextBook\2_LinearLinkList.hpp">
      <Filter>数据结构教程</Filter>
    </ClInclude>
    <ClInclude Include="DataStruct\TextBook\3_Array.hpp">
      <Filter>数据结构教程</Filter>
    </ClInclude>
    <ClInclude Include="DataStruct\TextBook\4_Queue.hpp">
      <Filter>数据结构教程</Filter>
    </ClInclude>
    <ClInclude Include="DataStruct\TextBook\4_Stack.hpp">
      <Filter>数据结构教程</Filter>
    </ClInclude>
    <ClInclude Include="DataStruct\TextBook\7_Tree.hpp">
      <Filter>数据结构教程</Filter>
    </ClInclude>
    <ClInclude Include="DataStruct\TextBook\8_Graph.hpp">
      <Filter>数据结构教程</Filter>
    </ClInclude>
    <ClInclude Include="DataStruct\CSKaoYan\CSKaoyan.hpp">
      <Filter>王道数据结构</Filter>
    </ClInclude>
  </ItemGroup>
</Project>